
Microsoft Visual Studio Solution File, Format Version 12.00
# Visual Studio Version 16
VisualStudioVersion = 16.0.31313.79
MinimumVisualStudioVersion = 10.0.40219.1
Project("{FAE04EC0-301F-11D3-BF4B-00C04F79EFBC}") = "SelectElement", "SelectElement\SelectElement.csproj", "{5554E6C1-3A2F-4690-AFCB-5A13326DC1F2}"
EndProject
Global
	GlobalSection(SolutionConfigurationPlatforms) = preSolution
		Debug|Any CPU = Debug|Any CPU
		Release|Any CPU = Release|Any CPU
	EndGlobalSection
	GlobalSection(ProjectConfigurationPlatforms) = postSolution
		{5554E6C1-3A2F-4690-AFCB-5A13326DC1F2}.Debug|Any CPU.ActiveCfg = Debug|Any CPU
		{5554E6C1-3A2F-4690-AFCB-5A13326DC1F2}.Debug|Any CPU.Build.0 = Debug|Any CPU
		{5554E6C1-3A2F-4690-AFCB-5A13326DC1F2}.Release|Any CPU.ActiveCfg = Release|Any CPU
		{5554E6C1-3A2F-4690-AFCB-5A13326DC1F2}.Release|Any CPU.Build.0 = Release|Any CPU
	EndGlobalSection
	GlobalSection(SolutionProperties) = preSolution
		HideSolutionNode = FALSE
	EndGlobalSection
	GlobalSection(ExtensibilityGlobals) = postSolution
		SolutionGuid = {00BEEA14-FB02-4662-B7DB-BB24F88E5A5B}
	EndGlobalSection
EndGlobal
